
Microsoft Visual Studio Solution File, Format Version 12.00
# Visual Studio Version 17
VisualStudioVersion = 17.8.34511.84
MinimumVisualStudioVersion = 10.0.40219.1
Project("{FAE04EC0-301F-11D3-BF4B-00C04F79EFBC}") = "bookstore", "bookstore\bookstore.csproj", "{4BD7697E-76E4-4DF6-BAA6-7F4BFFB2CFFA}"
EndProject
Global
	GlobalSection(SolutionConfigurationPlatforms) = preSolution
		Debug|Any CPU = Debug|Any CPU
		Release|Any CPU = Release|Any CPU
	EndGlobalSection
	GlobalSection(ProjectConfigurationPlatforms) = postSolution
		{4BD7697E-76E4-4DF6-BAA6-7F4BFFB2CFFA}.Debug|Any CPU.ActiveCfg = Debug|Any CPU
		{4BD7697E-76E4-4DF6-BAA6-7F4BFFB2CFFA}.Debug|Any CPU.Build.0 = Debug|Any CPU
		{4BD7697E-76E4-4DF6-BAA6-7F4BFFB2CFFA}.Release|Any CPU.ActiveCfg = Release|Any CPU
		{4BD7697E-76E4-4DF6-BAA6-7F4BFFB2CFFA}.Release|Any CPU.Build.0 = Release|Any CPU
	EndGlobalSection
	GlobalSection(SolutionProperties) = preSolution
		HideSolutionNode = FALSE
	EndGlobalSection
	GlobalSection(ExtensibilityGlobals) = postSolution
		SolutionGuid = {6E5C9B20-701F-4B29-9B4D-F692A5C1523A}
	EndGlobalSection
EndGlobal
